
Microsoft Visual Studio Solution File, Format Version 12.00
# Visual Studio 15
VisualStudioVersion = 15.0.27130.2036
MinimumVisualStudioVersion = 10.0.40219.1
Project("{FAE04EC0-301F-11D3-BF4B-00C04F79EFBC}") = "WebApi.SPA", "WebApi.SPA\WebApi.SPA.csproj", "{BE11EF7A-7AA2-47AD-B201-6B8F5F246086}"
EndProject
Project("{FAE04EC0-301F-11D3-BF4B-00C04F79EFBC}") = "WebApi.CUI", "WebApi.Console\WebApi.CUI.csproj", "{F6198628-C44B-499A-8BD1-75D5532BCEA4}"
EndProject
Global
	GlobalSection(SolutionConfigurationPlatforms) = preSolution
		Debug|Any CPU = Debug|Any CPU
		Release|Any CPU = Release|Any CPU
	EndGlobalSection
	GlobalSection(ProjectConfigurationPlatforms) = postSolution
		{BE11EF7A-7AA2-47AD-B201-6B8F5F246086}.Debug|Any CPU.ActiveCfg = Debug|Any CPU
		{BE11EF7A-7AA2-47AD-B201-6B8F5F246086}.Debug|Any CPU.Build.0 = Debug|Any CPU
		{BE11EF7A-7AA2-47AD-B201-6B8F5F246086}.Release|Any CPU.ActiveCfg = Release|Any CPU
		{BE11EF7A-7AA2-47AD-B201-6B8F5F246086}.Release|Any CPU.Build.0 = Release|Any CPU
		{F6198628-C44B-499A-8BD1-75D5532BCEA4}.Debug|Any CPU.ActiveCfg = Debug|Any CPU
		{F6198628-C44B-499A-8BD1-75D5532BCEA4}.Debug|Any CPU.Build.0 = Debug|Any CPU
		{F6198628-C44B-499A-8BD1-75D5532BCEA4}.Release|Any CPU.ActiveCfg = Release|Any CPU
		{F6198628-C44B-499A-8BD1-75D5532BCEA4}.Release|Any CPU.Build.0 = Release|Any CPU
	EndGlobalSection
	GlobalSection(SolutionProperties) = preSolution
		HideSolutionNode = FALSE
	EndGlobalSection
	GlobalSection(ExtensibilityGlobals) = postSolution
		SolutionGuid = {8520BBE1-C050-4D2A-A6ED-27B72432B96A}
	EndGlobalSection
EndGlobal
